
Microsoft Visual Studio Solution File, Format Version 12.00
# Visual Studio Version 17
VisualStudioVersion = 17.2.32516.85
MinimumVisualStudioVersion = 10.0.40219.1
Project("{FAE04EC0-301F-11D3-BF4B-00C04F79EFBC}") = "SlojPoslovneLogike", "SlojPoslovneLogike\SlojPoslovneLogike.csproj", "{EE6D1DBD-4905-40A2-8FA8-79A1CCEBD0E8}"
EndProject
Project("{FAE04EC0-301F-11D3-BF4B-00C04F79EFBC}") = "SlojUpravljanjaSBazomPodataka", "SlojUpravljanjaSBazomPodataka\SlojUpravljanjaSBazomPodataka.csproj", "{998E2EA2-20B6-43E3-8AF4-87C8AA2FE191}"
EndProject
Project("{FAE04EC0-301F-11D3-BF4B-00C04F79EFBC}") = "SlojEntiteta", "SlojEntiteta\SlojEntiteta.csproj", "{981A421F-2A8A-4419-B0BE-F616AAFFDBD3}"
EndProject
Project("{FAE04EC0-301F-11D3-BF4B-00C04F79EFBC}") = "PrezentacijskiSlojWPF", "PrezentacijskiSlojWPF\PrezentacijskiSlojWPF.csproj", "{69A3853A-3C77-4106-8FEE-6EE8F63291B6}"
EndProject
Project("{9A19103F-16F7-4668-BE54-9A1E7A4F7556}") = "JedinicnoTestiranje", "JedinicnoTestiranje\JedinicnoTestiranje.csproj", "{E532DB70-3388-4B38-9493-C123CCC841E3}"
EndProject
Project("{9A19103F-16F7-4668-BE54-9A1E7A4F7556}") = "IntegracijskoTestiranje", "IntegracijskoTestiranje\IntegracijskoTestiranje.csproj", "{74625F63-2FFA-479C-A9AE-CDDD8A46180E}"
EndProject
Project("{9A19103F-16F7-4668-BE54-9A1E7A4F7556}") = "TDD", "TDD\TDD.csproj", "{6E58728E-5FFF-448B-8DA0-FC1906C1664F}"
EndProject
Project("{2150E333-8FDC-42A3-9474-1A3956D46DE8}") = "Solution Items", "Solution Items", "{0E275D27-F8FC-4486-A6AD-02E9A71EF55A}"
	ProjectSection(SolutionItems) = preProject
		TDD\bin\Debug\net48\TestData.csv = TDD\bin\Debug\net48\TestData.csv
		TDD\bin\Debug\net48\TestData2.csv = TDD\bin\Debug\net48\TestData2.csv
		TDD\bin\Debug\net48\TestData3.csv = TDD\bin\Debug\net48\TestData3.csv
	EndProjectSection
EndProject
Global
	GlobalSection(SolutionConfigurationPlatforms) = preSolution
		Debug|Any CPU = Debug|Any CPU
		Release|Any CPU = Release|Any CPU
	EndGlobalSection
	GlobalSection(ProjectConfigurationPlatforms) = postSolution
		{EE6D1DBD-4905-40A2-8FA8-79A1CCEBD0E8}.Debug|Any CPU.ActiveCfg = Debug|Any CPU
		{EE6D1DBD-4905-40A2-8FA8-79A1CCEBD0E8}.Debug|Any CPU.Build.0 = Debug|Any CPU
		{EE6D1DBD-4905-40A2-8FA8-79A1CCEBD0E8}.Release|Any CPU.ActiveCfg = Release|Any CPU
		{EE6D1DBD-4905-40A2-8FA8-79A1CCEBD0E8}.Release|Any CPU.Build.0 = Release|Any CPU
		{998E2EA2-20B6-43E3-8AF4-87C8AA2FE191}.Debug|Any CPU.ActiveCfg = Debug|Any CPU
		{998E2EA2-20B6-43E3-8AF4-87C8AA2FE191}.Debug|Any CPU.Build.0 = Debug|Any CPU
		{998E2EA2-20B6-43E3-8AF4-87C8AA2FE191}.Release|Any CPU.ActiveCfg = Release|Any CPU
		{998E2EA2-20B6-43E3-8AF4-87C8AA2FE191}.Release|Any CPU.Build.0 = Release|Any CPU
		{981A421F-2A8A-4419-B0BE-F616AAFFDBD3}.Debug|Any CPU.ActiveCfg = Debug|Any CPU
		{981A421F-2A8A-4419-B0BE-F616AAFFDBD3}.Debug|Any CPU.Build.0 = Debug|Any CPU
		{981A421F-2A8A-4419-B0BE-F616AAFFDBD3}.Release|Any CPU.ActiveCfg = Release|Any CPU
		{981A421F-2A8A-4419-B0BE-F616AAFFDBD3}.Release|Any CPU.Build.0 = Release|Any CPU
		{69A3853A-3C77-4106-8FEE-6EE8F63291B6}.Debug|Any CPU.ActiveCfg = Debug|Any CPU
		{69A3853A-3C77-4106-8FEE-6EE8F63291B6}.Debug|Any CPU.Build.0 = Debug|Any CPU
		{69A3853A-3C77-4106-8FEE-6EE8F63291B6}.Release|Any CPU.ActiveCfg = Release|Any CPU
		{69A3853A-3C77-4106-8FEE-6EE8F63291B6}.Release|Any CPU.Build.0 = Release|Any CPU
		{E532DB70-3388-4B38-9493-C123CCC841E3}.Debug|Any CPU.ActiveCfg = Debug|Any CPU
		{E532DB70-3388-4B38-9493-C123CCC841E3}.Debug|Any CPU.Build.0 = Debug|Any CPU
		{E532DB70-3388-4B38-9493-C123CCC841E3}.Release|Any CPU.ActiveCfg = Release|Any CPU
		{E532DB70-3388-4B38-9493-C123CCC841E3}.Release|Any CPU.Build.0 = Release|Any CPU
		{74625F63-2FFA-479C-A9AE-CDDD8A46180E}.Debug|Any CPU.ActiveCfg = Debug|Any CPU
		{74625F63-2FFA-479C-A9AE-CDDD8A46180E}.Debug|Any CPU.Build.0 = Debug|Any CPU
		{74625F63-2FFA-479C-A9AE-CDDD8A46180E}.Release|Any CPU.ActiveCfg = Release|Any CPU
		{74625F63-2FFA-479C-A9AE-CDDD8A46180E}.Release|Any CPU.Build.0 = Release|Any CPU
		{6E58728E-5FFF-448B-8DA0-FC1906C1664F}.Debug|Any CPU.ActiveCfg = Debug|Any CPU
		{6E58728E-5FFF-448B-8DA0-FC1906C1664F}.Debug|Any CPU.Build.0 = Debug|Any CPU
		{6E58728E-5FFF-448B-8DA0-FC1906C1664F}.Release|Any CPU.ActiveCfg = Release|Any CPU
		{6E58728E-5FFF-448B-8DA0-FC1906C1664F}.Release|Any CPU.Build.0 = Release|Any CPU
	EndGlobalSection
	GlobalSection(SolutionProperties) = preSolution
		HideSolutionNode = FALSE
	EndGlobalSection
	GlobalSection(ExtensibilityGlobals) = postSolution
		SolutionGuid = {CC5843AB-CEAD-4303-ACFD-4CBE0B213BDE}
	EndGlobalSection
EndGlobal
